
Microsoft Visual Studio Solution File, Format Version 12.00
# Visual Studio Version 16
VisualStudioVersion = 16.0.30406.217
MinimumVisualStudioVersion = 10.0.40219.1
Project("{FAE04EC0-301F-11D3-BF4B-00C04F79EFBC}") = "Chronometer", "Chronometer\Chronometer.csproj", "{0A178ADB-A000-4656-A539-518F2A187624}"
EndProject
Global
	GlobalSection(SolutionConfigurationPlatforms) = preSolution
		Debug|Any CPU = Debug|Any CPU
		Release|Any CPU = Release|Any CPU
	EndGlobalSection
	GlobalSection(ProjectConfigurationPlatforms) = postSolution
		{0A178ADB-A000-4656-A539-518F2A187624}.Debug|Any CPU.ActiveCfg = Debug|Any CPU
		{0A178ADB-A000-4656-A539-518F2A187624}.Debug|Any CPU.Build.0 = Debug|Any CPU
		{0A178ADB-A000-4656-A539-518F2A187624}.Release|Any CPU.ActiveCfg = Release|Any CPU
		{0A178ADB-A000-4656-A539-518F2A187624}.Release|Any CPU.Build.0 = Release|Any CPU
	EndGlobalSection
	GlobalSection(SolutionProperties) = preSolution
		HideSolutionNode = FALSE
	EndGlobalSection
	GlobalSection(ExtensibilityGlobals) = postSolution
		SolutionGuid = {94D2BC63-47E2-4F88-B19E-41EC3A6B65B7}
	EndGlobalSection
EndGlobal
